
Microsoft Visual Studio Solution File, Format Version 12.00
# Visual Studio Version 16
VisualStudioVersion = 16.0.32602.291
MinimumVisualStudioVersion = 10.0.40219.1
Project("{FAE04EC0-301F-11D3-BF4B-00C04F79EFBC}") = "CRMIntegrationService", "CRMIntegrationService\CRMIntegrationService.csproj", "{6C51E030-C9D4-423B-AA26-1E5CE3822764}"
	ProjectSection(ProjectDependencies) = postProject
		{B19AEF34-DBF3-401F-BB6A-856A0959749B} = {B19AEF34-DBF3-401F-BB6A-856A0959749B}
		{3426A662-00F9-4C20-9981-90D9870F91FC} = {3426A662-00F9-4C20-9981-90D9870F91FC}
		{3CD6606B-4B36-40F2-B265-54EF710510A3} = {3CD6606B-4B36-40F2-B265-54EF710510A3}
		{B3AD319B-5283-44E1-9426-6D6F21817A49} = {B3AD319B-5283-44E1-9426-6D6F21817A49}
		{EF492FA6-7F16-4EE3-838D-1BDC86C6CD5A} = {EF492FA6-7F16-4EE3-838D-1BDC86C6CD5A}
		{728265FE-E063-4C63-8A95-9308A4EA90E3} = {728265FE-E063-4C63-8A95-9308A4EA90E3}
	EndProjectSection
EndProject
Project("{FAE04EC0-301F-11D3-BF4B-00C04F79EFBC}") = "TestProject", "TestProject\TestProject.csproj", "{E92787C0-F841-43E7-BB09-6493FE05EAC9}"
	ProjectSection(ProjectDependencies) = postProject
		{B19AEF34-DBF3-401F-BB6A-856A0959749B} = {B19AEF34-DBF3-401F-BB6A-856A0959749B}
		{3426A662-00F9-4C20-9981-90D9870F91FC} = {3426A662-00F9-4C20-9981-90D9870F91FC}
		{3CD6606B-4B36-40F2-B265-54EF710510A3} = {3CD6606B-4B36-40F2-B265-54EF710510A3}
		{B3AD319B-5283-44E1-9426-6D6F21817A49} = {B3AD319B-5283-44E1-9426-6D6F21817A49}
		{EF492FA6-7F16-4EE3-838D-1BDC86C6CD5A} = {EF492FA6-7F16-4EE3-838D-1BDC86C6CD5A}
		{728265FE-E063-4C63-8A95-9308A4EA90E3} = {728265FE-E063-4C63-8A95-9308A4EA90E3}
	EndProjectSection
EndProject
Project("{FAE04EC0-301F-11D3-BF4B-00C04F79EFBC}") = "DataAccess", "DataAccess\DataAccess.csproj", "{EF492FA6-7F16-4EE3-838D-1BDC86C6CD5A}"
	ProjectSection(ProjectDependencies) = postProject
		{3426A662-00F9-4C20-9981-90D9870F91FC} = {3426A662-00F9-4C20-9981-90D9870F91FC}
		{3CD6606B-4B36-40F2-B265-54EF710510A3} = {3CD6606B-4B36-40F2-B265-54EF710510A3}
	EndProjectSection
EndProject
Project("{FAE04EC0-301F-11D3-BF4B-00C04F79EFBC}") = "Contacts", "Contacts\Contacts.csproj", "{B19AEF34-DBF3-401F-BB6A-856A0959749B}"
	ProjectSection(ProjectDependencies) = postProject
		{3426A662-00F9-4C20-9981-90D9870F91FC} = {3426A662-00F9-4C20-9981-90D9870F91FC}
		{3CD6606B-4B36-40F2-B265-54EF710510A3} = {3CD6606B-4B36-40F2-B265-54EF710510A3}
		{EF492FA6-7F16-4EE3-838D-1BDC86C6CD5A} = {EF492FA6-7F16-4EE3-838D-1BDC86C6CD5A}
	EndProjectSection
EndProject
Project("{FAE04EC0-301F-11D3-BF4B-00C04F79EFBC}") = "LoggerForServices", "LoggerForServices\LoggerForServices.csproj", "{3426A662-00F9-4C20-9981-90D9870F91FC}"
EndProject
Project("{54435603-DBB4-11D2-8724-00A0C9A8B90C}") = "ServiceSetup", "ServiceSetup\ServiceSetup.vdproj", "{B0AC3912-38DC-4028-BC67-A352267F4F77}"
	ProjectSection(ProjectDependencies) = postProject
		{B19AEF34-DBF3-401F-BB6A-856A0959749B} = {B19AEF34-DBF3-401F-BB6A-856A0959749B}
		{3426A662-00F9-4C20-9981-90D9870F91FC} = {3426A662-00F9-4C20-9981-90D9870F91FC}
		{3CD6606B-4B36-40F2-B265-54EF710510A3} = {3CD6606B-4B36-40F2-B265-54EF710510A3}
		{B3AD319B-5283-44E1-9426-6D6F21817A49} = {B3AD319B-5283-44E1-9426-6D6F21817A49}
		{EF492FA6-7F16-4EE3-838D-1BDC86C6CD5A} = {EF492FA6-7F16-4EE3-838D-1BDC86C6CD5A}
		{728265FE-E063-4C63-8A95-9308A4EA90E3} = {728265FE-E063-4C63-8A95-9308A4EA90E3}
	EndProjectSection
EndProject
Project("{FAE04EC0-301F-11D3-BF4B-00C04F79EFBC}") = "Common", "Common\Common.csproj", "{3CD6606B-4B36-40F2-B265-54EF710510A3}"
	ProjectSection(ProjectDependencies) = postProject
		{3426A662-00F9-4C20-9981-90D9870F91FC} = {3426A662-00F9-4C20-9981-90D9870F91FC}
	EndProjectSection
EndProject
Project("{FAE04EC0-301F-11D3-BF4B-00C04F79EFBC}") = "CRMIntegration", "CRMIntegration\CRMIntegration.csproj", "{728265FE-E063-4C63-8A95-9308A4EA90E3}"
	ProjectSection(ProjectDependencies) = postProject
		{B19AEF34-DBF3-401F-BB6A-856A0959749B} = {B19AEF34-DBF3-401F-BB6A-856A0959749B}
		{3426A662-00F9-4C20-9981-90D9870F91FC} = {3426A662-00F9-4C20-9981-90D9870F91FC}
		{3CD6606B-4B36-40F2-B265-54EF710510A3} = {3CD6606B-4B36-40F2-B265-54EF710510A3}
		{B3AD319B-5283-44E1-9426-6D6F21817A49} = {B3AD319B-5283-44E1-9426-6D6F21817A49}
		{EF492FA6-7F16-4EE3-838D-1BDC86C6CD5A} = {EF492FA6-7F16-4EE3-838D-1BDC86C6CD5A}
	EndProjectSection
EndProject
Project("{FAE04EC0-301F-11D3-BF4B-00C04F79EFBC}") = "Opportunities", "Opportunities\Opportunities.csproj", "{B3AD319B-5283-44E1-9426-6D6F21817A49}"
	ProjectSection(ProjectDependencies) = postProject
		{3426A662-00F9-4C20-9981-90D9870F91FC} = {3426A662-00F9-4C20-9981-90D9870F91FC}
		{3CD6606B-4B36-40F2-B265-54EF710510A3} = {3CD6606B-4B36-40F2-B265-54EF710510A3}
		{EF492FA6-7F16-4EE3-838D-1BDC86C6CD5A} = {EF492FA6-7F16-4EE3-838D-1BDC86C6CD5A}
	EndProjectSection
EndProject
Global
	GlobalSection(SolutionConfigurationPlatforms) = preSolution
		Debug|Any CPU = Debug|Any CPU
		Release|Any CPU = Release|Any CPU
	EndGlobalSection
	GlobalSection(ProjectConfigurationPlatforms) = postSolution
		{6C51E030-C9D4-423B-AA26-1E5CE3822764}.Debug|Any CPU.ActiveCfg = Debug|Any CPU
		{6C51E030-C9D4-423B-AA26-1E5CE3822764}.Debug|Any CPU.Build.0 = Debug|Any CPU
		{6C51E030-C9D4-423B-AA26-1E5CE3822764}.Release|Any CPU.ActiveCfg = Release|Any CPU
		{6C51E030-C9D4-423B-AA26-1E5CE3822764}.Release|Any CPU.Build.0 = Release|Any CPU
		{E92787C0-F841-43E7-BB09-6493FE05EAC9}.Debug|Any CPU.ActiveCfg = Debug|Any CPU
		{E92787C0-F841-43E7-BB09-6493FE05EAC9}.Debug|Any CPU.Build.0 = Debug|Any CPU
		{E92787C0-F841-43E7-BB09-6493FE05EAC9}.Release|Any CPU.ActiveCfg = Release|Any CPU
		{E92787C0-F841-43E7-BB09-6493FE05EAC9}.Release|Any CPU.Build.0 = Release|Any CPU
		{EF492FA6-7F16-4EE3-838D-1BDC86C6CD5A}.Debug|Any CPU.ActiveCfg = Debug|Any CPU
		{EF492FA6-7F16-4EE3-838D-1BDC86C6CD5A}.Debug|Any CPU.Build.0 = Debug|Any CPU
		{EF492FA6-7F16-4EE3-838D-1BDC86C6CD5A}.Release|Any CPU.ActiveCfg = Release|Any CPU
		{EF492FA6-7F16-4EE3-838D-1BDC86C6CD5A}.Release|Any CPU.Build.0 = Release|Any CPU
		{B19AEF34-DBF3-401F-BB6A-856A0959749B}.Debug|Any CPU.ActiveCfg = Debug|Any CPU
		{B19AEF34-DBF3-401F-BB6A-856A0959749B}.Debug|Any CPU.Build.0 = Debug|Any CPU
		{B19AEF34-DBF3-401F-BB6A-856A0959749B}.Release|Any CPU.ActiveCfg = Release|Any CPU
		{B19AEF34-DBF3-401F-BB6A-856A0959749B}.Release|Any CPU.Build.0 = Release|Any CPU
		{3426A662-00F9-4C20-9981-90D9870F91FC}.Debug|Any CPU.ActiveCfg = Debug|Any CPU
		{3426A662-00F9-4C20-9981-90D9870F91FC}.Debug|Any CPU.Build.0 = Debug|Any CPU
		{3426A662-00F9-4C20-9981-90D9870F91FC}.Release|Any CPU.ActiveCfg = Release|Any CPU
		{3426A662-00F9-4C20-9981-90D9870F91FC}.Release|Any CPU.Build.0 = Release|Any CPU
		{B0AC3912-38DC-4028-BC67-A352267F4F77}.Debug|Any CPU.ActiveCfg = Debug
		{B0AC3912-38DC-4028-BC67-A352267F4F77}.Release|Any CPU.ActiveCfg = Release
		{3CD6606B-4B36-40F2-B265-54EF710510A3}.Debug|Any CPU.ActiveCfg = Debug|Any CPU
		{3CD6606B-4B36-40F2-B265-54EF710510A3}.Debug|Any CPU.Build.0 = Debug|Any CPU
		{3CD6606B-4B36-40F2-B265-54EF710510A3}.Release|Any CPU.ActiveCfg = Release|Any CPU
		{3CD6606B-4B36-40F2-B265-54EF710510A3}.Release|Any CPU.Build.0 = Release|Any CPU
		{728265FE-E063-4C63-8A95-9308A4EA90E3}.Debug|Any CPU.ActiveCfg = Debug|Any CPU
		{728265FE-E063-4C63-8A95-9308A4EA90E3}.Debug|Any CPU.Build.0 = Debug|Any CPU
		{728265FE-E063-4C63-8A95-9308A4EA90E3}.Release|Any CPU.ActiveCfg = Release|Any CPU
		{728265FE-E063-4C63-8A95-9308A4EA90E3}.Release|Any CPU.Build.0 = Release|Any CPU
		{B3AD319B-5283-44E1-9426-6D6F21817A49}.Debug|Any CPU.ActiveCfg = Debug|Any CPU
		{B3AD319B-5283-44E1-9426-6D6F21817A49}.Debug|Any CPU.Build.0 = Debug|Any CPU
		{B3AD319B-5283-44E1-9426-6D6F21817A49}.Release|Any CPU.ActiveCfg = Release|Any CPU
		{B3AD319B-5283-44E1-9426-6D6F21817A49}.Release|Any CPU.Build.0 = Release|Any CPU
	EndGlobalSection
	GlobalSection(SolutionProperties) = preSolution
		HideSolutionNode = FALSE
	EndGlobalSection
	GlobalSection(ExtensibilityGlobals) = postSolution
		SolutionGuid = {BD368108-9D3D-4B3D-8D80-0C915AD7FA54}
	EndGlobalSection
EndGlobal
